// !$*UTF8*$!
{
	archiveVersion = 1;
	classes = {
	};
	objectVersion = 51;
	objects = {

/* Begin PBXBuildFile section */
		2E3A6C7CC4185901AE215150 /* Pods_APItest.framework in Frameworks */ = {isa = PBXBuildFile; fileRef = 9E2B03102ACE6C600254BF24 /* Pods_APItest.framework */; };
		5FD5A075234B149100DA1901 /* AppDelegate.swift in Sources */ = {isa = PBXBuildFile; fileRef = 5FD5A074234B149100DA1901 /* AppDelegate.swift */; };
		5FD5A077234B149100DA1901 /* ViewController.swift in Sources */ = {isa = PBXBuildFile; fileRef = 5FD5A076234B149100DA1901 /* ViewController.swift */; };
		5FD5A07A234B149100DA1901 /* Main.storyboard in Resources */ = {isa = PBXBuildFile; fileRef = 5FD5A078234B149100DA1901 /* Main.storyboard */; };
		5FD5A07C234B149100DA1901 /* Assets.xcassets in Resources */ = {isa = PBXBuildFile; fileRef = 5FD5A07B234B149100DA1901 /* Assets.xcassets */; };
		5FD5A07F234B149100DA1901 /* LaunchScreen.storyboard in Resources */ = {isa = PBXBuildFile; fileRef = 5FD5A07D234B149100DA1901 /* LaunchScreen.storyboard */; };
/* End PBXBuildFile section */

/* Begin PBXFileReference section */
		5714E911FA2116654278AD52 /* Pods-APItest.release.xcconfig */ = {isa = PBXFileReference; includeInIndex = 1; lastKnownFileType = text.xcconfig; name = "Pods-APItest.release.xcconfig"; path = "Target Support Files/Pods-APItest/Pods-APItest.release.xcconfig"; sourceTree = "<group>"; };
		5FD5A071234B149100DA1901 /* APItest.app */ = {isa = PBXFileReference; explicitFileType = wrapper.application; includeInIndex = 0; path = APItest.app; sourceTree = BUILT_PRODUCTS_DIR; };
		5FD5A074234B149100DA1901 /* AppDelegate.swift */ = {isa = PBXFileReference; lastKnownFileType = sourcecode.swift; path = AppDelegate.swift; sourceTree = "<group>"; };
		5FD5A076234B149100DA1901 /* ViewController.swift */ = {isa = PBXFileReference; lastKnownFileType = sourcecode.swift; path = ViewController.swift; sourceTree = "<group>"; };
		5FD5A079234B149100DA1901 /* Base */ = {isa = PBXFileReference; lastKnownFileType = file.storyboard; name = Base; path = Base.lproj/Main.storyboard; sourceTree = "<group>"; };
		5FD5A07B234B149100DA1901 /* Assets.xcassets */ = {isa = PBXFileReference; lastKnownFileType = folder.assetcatalog; path = Assets.xcassets; sourceTree = "<group>"; };
		5FD5A07E234B149100DA1901 /* Base */ = {isa = PBXFileReference; lastKnownFileType = file.storyboard; name = Base; path = Base.lproj/LaunchScreen.storyboard; sourceTree = "<group>"; };
		5FD5A080234B149100DA1901 /* Info.plist */ = {isa = PBXFileReference; lastKnownFileType = text.plist.xml; path = Info.plist; sourceTree = "<group>"; };
		980F71732A0DFF9E8633E6F2 /* Pods-APItest.debug.xcconfig */ = {isa = PBXFileReference; includeInIndex = 1; lastKnownFileType = text.xcconfig; name = "Pods-APItest.debug.xcconfig"; path = "Target Support Files/Pods-APItest/Pods-APItest.debug.xcconfig"; sourceTree = "<group>"; };
		9E2B03102ACE6C600254BF24 /* Pods_APItest.framework */ = {isa = PBXFileReference; explicitFileType = wrapper.framework; includeInIndex = 0; path = Pods_APItest.framework; sourceTree = BUILT_PRODUCTS_DIR; };
/* End PBXFileReference section */

/* Begin PBXFrameworksBuildPhase section */
		5FD5A06E234B149100DA1901 /* Frameworks */ = {
			isa = PBXFrameworksBuildPhase;
			buildActionMask = 2147483647;
			files = (
				2E3A6C7CC4185901AE215150 /* Pods_APItest.framework in Frameworks */,
			);
			runOnlyForDeploymentPostprocessing = 0;
		};
/* End PBXFrameworksBuildPhase section */

/* Begin PBXGroup section */
		30675275E8C4F70A2043AAF2 /* Frameworks */ = {
			isa = PBXGroup;
			children = (
				9E2B03102ACE6C600254BF24 /* Pods_APItest.framework */,
			);
			name = Frameworks;
			sourceTree = "<group>";
		};
		5FD5A068234B149100DA1901 = {
			isa = PBXGroup;
			children = (
				5FD5A073234B149100DA1901 /* APItest */,
				5FD5A072234B149100DA1901 /* Products */,
				882912D9B3D8624F845AA833 /* Pods */,
				30675275E8C4F70A2043AAF2 /* Frameworks */,
			);
			sourceTree = "<group>";
		};
		5FD5A072234B149100DA1901 /* Products */ = {
			isa = PBXGroup;
			children = (
				5FD5A071234B149100DA1901 /* APItest.app */,
			);
			name = Products;
			sourceTree = "<group>";
		};
		5FD5A073234B149100DA1901 /* APItest */ = {
			isa = PBXGroup;
			children = (
				5FD5A074234B149100DA1901 /* AppDelegate.swift */,
				5FD5A076234B149100DA1901 /* ViewController.swift */,
				5FD5A078234B149100DA1901 /* Main.storyboard */,
				5FD5A07B234B149100DA1901 /* Assets.xcassets */,
				5FD5A07D234B149100DA1901 /* LaunchScreen.storyboard */,
				5FD5A080234B149100DA1901 /* Info.plist */,
			);
			path = APItest;
			sourceTree = "<group>";
		};
		882912D9B3D8624F845AA833 /* Pods */ = {
			isa = PBXGroup;
			children = (
				980F71732A0DFF9E8633E6F2 /* Pods-APItest.debug.xcconfig */,
				5714E911FA2116654278AD52 /* Pods-APItest.release.xcconfig */,
			);
			path = Pods;
			sourceTree = "<group>";
		};
/* End PBXGroup section */

/* Begin PBXNativeTarget section */
		5FD5A070234B149100DA1901 /* APItest */ = {
			isa = PBXNativeTarget;
			buildConfigurationList = 5FD5A083234B149100DA1901 /* Build configuration list for PBXNativeTarget "APItest" */;
			buildPhases = (
				19D28FD251B3089B04297BA9 /* [CP] Check Pods Manifest.lock */,
				5FD5A06D234B149100DA1901 /* Sources */,
				5FD5A06E234B149100DA1901 /* Frameworks */,
				5FD5A06F234B149100DA1901 /* Resources */,
				37D2EBF0B2DD408D81F0759E /* [CP] Embed Pods Frameworks */,
			);
			buildRules = (
			);
			dependencies = (
			);
			name = APItest;
			productName = APItest;
			productReference = 5FD5A071234B149100DA1901 /* APItest.app */;
			productType = "com.apple.product-type.application";
		};
/* End PBXNativeTarget section */

/* Begin PBXProject section */
		5FD5A069234B149100DA1901 /* Project object */ = {
			isa = PBXProject;
			attributes = {
				LastSwiftUpdateCheck = 1030;
				LastUpgradeCheck = 1030;
				ORGANIZATIONNAME = "飛田真武";
				TargetAttributes = {
					5FD5A070234B149100DA1901 = {
						CreatedOnToolsVersion = 10.3;
					};
				};
			};
			buildConfigurationList = 5FD5A06C234B149100DA1901 /* Build configuration list for PBXProject "APItest" */;
			compatibilityVersion = "Xcode 9.3";
			developmentRegion = en;
			hasScannedForEncodings = 0;
			knownRegions = (
				en,
				Base,
			);
			mainGroup = 5FD5A068234B149100DA1901;
			productRefGroup = 5FD5A072234B149100DA1901 /* Products */;
			projectDirPath = "";
			projectRoot = "";
			targets = (
				5FD5A070234B149100DA1901 /* APItest */,
			);
		};
/* End PBXProject section */

/* Begin PBXResourcesBuildPhase section */
		5FD5A06F234B149100DA1901 /* Resources */ = {
			isa = PBXResourcesBuildPhase;
			buildActionMask = 2147483647;
			files = (
				5FD5A07F234B149100DA1901 /* LaunchScreen.storyboard in Resources */,
				5FD5A07C234B149100DA1901 /* Assets.xcassets in Resources */,
				5FD5A07A234B149100DA1901 /* Main.storyboard in Resources */,
			);
			runOnlyForDeploymentPostprocessing = 0;
		};
/* End PBXResourcesBuildPhase section */

/* Begin PBXShellScriptBuildPhase section */
		19D28FD251B3089B04297BA9 /* [CP] Check Pods Manifest.lock */ = {
			isa = PBXShellScriptBuildPhase;
			buildActionMask = 2147483647;
			files = (
			);
			inputFileListPaths = (
			);
			inputPaths = (
				"${PODS_PODFILE_DIR_PATH}/Podfile.lock",
				"${PODS_ROOT}/Manifest.lock",
			);
			name = "[CP] Check Pods Manifest.lock";
			outputFileListPaths = (
			);
			outputPaths = (
				"$(DERIVED_FILE_DIR)/Pods-APItest-checkManifestLockResult.txt",
			);
			runOnlyForDeploymentPostprocessing = 0;
			shellPath = /bin/sh;
			shellScript = "diff \"${PODS_PODFILE_DIR_PATH}/Podfile.lock\" \"${PODS_ROOT}/Manifest.lock\" > /dev/null\nif [ $? != 0 ] ; then\n    # print error to STDERR\n    echo \"error: The sandbox is not in sync with the Podfile.lock. Run 'pod install' or update your CocoaPods installation.\" >&2\n    exit 1\nfi\n# This output is used by Xcode 'outputs' to avoid re-running this script phase.\necho \"SUCCESS\" > \"${SCRIPT_OUTPUT_FILE_0}\"\n";
			showEnvVarsInLog = 0;
		};
		37D2EBF0B2DD408D81F0759E /* [CP] Embed Pods Frameworks */ = {
			isa = PBXShellScriptBuildPhase;
			buildActionMask = 2147483647;
			files = (
			);
			inputFileListPaths = (
				"${PODS_ROOT}/Target Support Files/Pods-APItest/Pods-APItest-frameworks-${CONFIGURATION}-input-files.xcfilelist",
			);
			name = "[CP] Embed Pods Frameworks";
			outputFileListPaths = (
				"${PODS_ROOT}/Target Support Files/Pods-APItest/Pods-APItest-frameworks-${CONFIGURATION}-output-files.xcfilelist",
			);
			runOnlyForDeploymentPostprocessing = 0;
			shellPath = /bin/sh;
			shellScript = "\"${PODS_ROOT}/Target Support Files/Pods-APItest/Pods-APItest-frameworks.sh\"\n";
			showEnvVarsInLog = 0;
		};
/* End PBXShellScriptBuildPhase section */

/* Begin PBXSourcesBuildPhase section */
		5FD5A06D234B149100DA1901 /* Sources */ = {
			isa = PBXSourcesBuildPhase;
			buildActionMask = 2147483647;
			files = (
				5FD5A077234B149100DA1901 /* ViewController.swift in Sources */,
				5FD5A075234B149100DA1901 /* AppDelegate.swift in Sources */,
			);
			runOnlyForDeploymentPostprocessing = 0;
		};
/* End PBXSourcesBuildPhase section */

/* Begin PBXVariantGroup section */
		5FD5A078234B149100DA1901 /* Main.storyboard */ = {
			isa = PBXVariantGroup;
			children = (
				5FD5A079234B149100DA1901 /* Base */,
			);
			name = Main.storyboard;
			sourceTree = "<group>";
		};
		5FD5A07D234B149100DA1901 /* LaunchScreen.storyboard */ = {
			isa = PBXVariantGroup;
			children = (
				5FD5A07E234B149100DA1901 /* Base */,
			);
			name = LaunchScreen.storyboard;
			sourceTree = "<group>";
		};
/* End PBXVariantGroup section */

/* Begin XCBuildConfiguration section */
		5FD5A081234B149100DA1901 /* Debug */ = {
			isa = XCBuildConfiguration;
			buildSettings = {
				ALWAYS_SEARCH_USER_PATHS = NO;
				CLANG_ANALYZER_NONNULL = YES;
				CLANG_ANALYZER_NUMBER_OBJECT_CONVERSION = YES_AGGRESSIVE;
				CLANG_CXX_LANGUAGE_STANDARD = "gnu++14";
				CLANG_CXX_LIBRARY = "libc++";
				CLANG_ENABLE_MODULES = YES;
				CLANG_ENABLE_OBJC_ARC = YES;
				CLANG_ENABLE_OBJC_WEAK = YES;
				CLANG_WARN_BLOCK_CAPTURE_AUTORELEASING = YES;
				CLANG_WARN_BOOL_CONVERSION = YES;
				CLANG_WARN_COMMA = YES;
				CLANG_WARN_CONSTANT_CONVERSION = YES;
				CLANG_WARN_DEPRECATED_OBJC_IMPLEMENTATIONS = YES;
				CLANG_WARN_DIRECT_OBJC_ISA_USAGE = YES_ERROR;
				CLANG_WARN_DOCUMENTATION_COMMENTS = YES;
				CLANG_WARN_EMPTY_BODY = YES;
				CLANG_WARN_ENUM_CONVERSION = YES;
				CLANG_WARN_INFINITE_RECURSION = YES;
				CLANG_WARN_INT_CONVERSION = YES;
				CLANG_WARN_NON_LITERAL_NULL_CONVERSION = YES;
				CLANG_WARN_OBJC_IMPLICIT_RETAIN_SELF = YES;
				CLANG_WARN_OBJC_LITERAL_CONVERSION = YES;
				CLANG_WARN_OBJC_ROOT_CLASS = YES_ERROR;
				CLANG_WARN_RANGE_LOOP_ANALYSIS = YES;
				CLANG_WARN_STRICT_PROTOTYPES = YES;
				CLANG_WARN_SUSPICIOUS_MOVE = YES;
				CLANG_WARN_UNGUARDED_AVAILABILITY = YES_AGGRESSIVE;
				CLANG_WARN_UNREACHABLE_CODE = YES;
				CLANG_WARN__DUPLICATE_METHOD_MATCH = YES;
				CODE_SIGN_IDENTITY = "iPhone Developer";
				COPY_PHASE_STRIP = NO;
				DEBUG_INFORMATION_FORMAT = dwarf;
				ENABLE_STRICT_OBJC_MSGSEND = YES;
				ENABLE_TESTABILITY = YES;
				GCC_C_LANGUAGE_STANDARD = gnu11;
				GCC_DYNAMIC_NO_PIC = NO;
				GCC_NO_COMMON_BLOCKS = YES;
				GCC_OPTIMIZATION_LEVEL = 0;
				GCC_PREPROCESSOR_DEFINITIONS = (
					"DEBUG=1",
					"$(inherited)",
				);
				GCC_WARN_64_TO_32_BIT_CONVERSION = YES;
				GCC_WARN_ABOUT_RETURN_TYPE = YES_ERROR;
				GCC_WARN_UNDECLARED_SELECTOR = YES;
				GCC_WARN_UNINITIALIZED_AUTOS = YES_AGGRESSIVE;
				GCC_WARN_UNUSED_FUNCTION = YES;
				GCC_WARN_UNUSED_VARIABLE = YES;
				IPHONEOS_DEPLOYMENT_TARGET = 12.4;
				MTL_ENABLE_DEBUG_INFO = INCLUDE_SOURCE;
				MTL_FAST_MATH = YES;
				ONLY_ACTIVE_ARCH = YES;
				SDKROOT = iphoneos;
				SWIFT_ACTIVE_COMPILATION_CONDITIONS = DEBUG;
				SWIFT_OPTIMIZATION_LEVEL = "-Onone";
			};
			name = Debug;
		};
		5FD5A082234B149100DA1901 /* Release */ = {
			isa = XCBuildConfiguration;
			buildSettings = {
				ALWAYS_SEARCH_USER_PATHS = NO;
				CLANG_ANALYZER_NONNULL = YES;
				CLANG_ANALYZER_NUMBER_OBJECT_CONVERSION = YES_AGGRESSIVE;
				CLANG_CXX_LANGUAGE_STANDARD = "gnu++14";
				CLANG_CXX_LIBRARY = "libc++";
				CLANG_ENABLE_MODULES = YES;
				CLANG_ENABLE_OBJC_ARC = YES;
				CLANG_ENABLE_OBJC_WEAK = YES;
				CLANG_WARN_BLOCK_CAPTURE_AUTORELEASING = YES;
				CLANG_WARN_BOOL_CONVERSION = YES;
				CLANG_WARN_COMMA = YES;
				CLANG_WARN_CONSTANT_CONVERSION = YES;
				CLANG_WARN_DEPRECATED_OBJC_IMPLEMENTATIONS = YES;
				CLANG_WARN_DIRECT_OBJC_ISA_USAGE = YES_ERROR;
				CLANG_WARN_DOCUMENTATION_COMMENTS = YES;
				CLANG_WARN_EMPTY_BODY = YES;
				CLANG_WARN_ENUM_CONVERSION = YES;
				CLANG_WARN_INFINITE_RECURSION = YES;
				CLANG_WARN_INT_CONVERSION = YES;
				CLANG_WARN_NON_LITERAL_NULL_CONVERSION = YES;
				CLANG_WARN_OBJC_IMPLICIT_RETAIN_SELF = YES;
				CLANG_WARN_OBJC_LITERAL_CONVERSION = YES;
				CLANG_WARN_OBJC_ROOT_CLASS = YES_ERROR;
				CLANG_WARN_RANGE_LOOP_ANALYSIS = YES;
				CLANG_WARN_STRICT_PROTOTYPES = YES;
				CLANG_WARN_SUSPICIOUS_MOVE = YES;
				CLANG_WARN_UNGUARDED_AVAILABILITY = YES_AGGRESSIVE;
				CLANG_WARN_UNREACHABLE_CODE = YES;
				CLANG_WARN__DUPLICATE_METHOD_MATCH = YES;
				CODE_SIGN_IDENTITY = "iPhone Developer";
				COPY_PHASE_STRIP = NO;
				DEBUG_INFORMATION_FORMAT = "dwarf-with-dsym";
				ENABLE_NS_ASSERTIONS = NO;
				ENABLE_STRICT_OBJC_MSGSEND = YES;
				GCC_C_LANGUAGE_STANDARD = gnu11;
				GCC_NO_COMMON_BLOCKS = YES;
				GCC_WARN_64_TO_32_BIT_CONVERSION = YES;
				GCC_WARN_ABOUT_RETURN_TYPE = YES_ERROR;
				GCC_WARN_UNDECLARED_SELECTOR = YES;
				GCC_WARN_UNINITIALIZED_AUTOS = YES_AGGRESSIVE;
				GCC_WARN_UNUSED_FUNCTION = YES;
				GCC_WARN_UNUSED_VARIABLE = YES;
				IPHONEOS_DEPLOYMENT_TARGET = 12.4;
				MTL_ENABLE_DEBUG_INFO = NO;
				MTL_FAST_MATH = YES;
				SDKROOT = iphoneos;
				SWIFT_COMPILATION_MODE = wholemodule;
				SWIFT_OPTIMIZATION_LEVEL = "-O";
				VALIDATE_PRODUCT = YES;
			};
			name = Release;
		};
		5FD5A084234B149100DA1901 /* Debug */ = {
			isa = XCBuildConfiguration;
			baseConfigurationReference = 980F71732A0DFF9E8633E6F2 /* Pods-APItest.debug.xcconfig */;
			buildSettings = {
				ASSETCATALOG_COMPILER_APPICON_NAME = AppIcon;
				CODE_SIGN_STYLE = Automatic;
				DEVELOPMENT_TEAM = 4U3725Y9ZH;
				INFOPLIST_FILE = APItest/Info.plist;
				IPHONEOS_DEPLOYMENT_TARGET = 12.3;
				LD_RUNPATH_SEARCH_PATHS = (
					"$(inherited)",
					"@executable_path/Frameworks",
				);
				PRODUCT_BUNDLE_IDENTIFIER = com.apitest.masamu.APItest;
				PRODUCT_NAME = "$(TARGET_NAME)";
				SWIFT_VERSION = 5.0;
				TARGETED_DEVICE_FAMILY = "1,2";
			};
			name = Debug;
		};
		5FD5A085234B149100DA1901 /* Release */ = {
			isa = XCBuildConfiguration;
			baseConfigurationReference = 5714E911FA2116654278AD52 /* Pods-APItest.release.xcconfig */;
			buildSettings = {
				ASSETCATALOG_COMPILER_APPICON_NAME = AppIcon;
				CODE_SIGN_STYLE = Automatic;
				DEVELOPMENT_TEAM = 4U3725Y9ZH;
				INFOPLIST_FILE = APItest/Info.plist;
				IPHONEOS_DEPLOYMENT_TARGET = 12.3;
				LD_RUNPATH_SEARCH_PATHS = (
					"$(inherited)",
					"@executable_path/Frameworks",
				);
				PRODUCT_BUNDLE_IDENTIFIER = com.apitest.masamu.APItest;
				PRODUCT_NAME = "$(TARGET_NAME)";
				SWIFT_VERSION = 5.0;
				TARGETED_DEVICE_FAMILY = "1,2";
			};
			name = Release;
		};
/* End XCBuildConfiguration section */

/* Begin XCConfigurationList section */
		5FD5A06C234B149100DA1901 /* Build configuration list for PBXProject "APItest" */ = {
			isa = XCConfigurationList;
			buildConfigurations = (
				5FD5A081234B149100DA1901 /* Debug */,
				5FD5A082234B149100DA1901 /* Release */,
			);
			defaultConfigurationIsVisible = 0;
			defaultConfigurationName = Release;
		};
		5FD5A083234B149100DA1901 /* Build configuration list for PBXNativeTarget "APItest" */ = {
			isa = XCConfigurationList;
			buildConfigurations = (
				5FD5A084234B149100DA1901 /* Debug */,
				5FD5A085234B149100DA1901 /* Release */,
			);
			defaultConfigurationIsVisible = 0;
			defaultConfigurationName = Release;
		};
/* End XCConfigurationList section */
	};
	rootObject = 5FD5A069234B149100DA1901 /* Project object */;
}
